
Microsoft Visual Studio Solution File, Format Version 12.00
# Visual Studio Version 16
VisualStudioVersion = 16.0.30104.148
MinimumVisualStudioVersion = 10.0.40219.1
Project("{8BC9CEB8-8B4A-11D0-8D11-00A0C91BC942}") = "DATASTRUC WK 2", "DATASTRUC WK 2\DATASTRUC WK 2.vcxproj", "{8BFCB27B-A4D8-4B18-A1EC-E1466117B7C8}"
EndProject
Global
	GlobalSection(SolutionConfigurationPlatforms) = preSolution
		Debug|x64 = Debug|x64
		Debug|x86 = Debug|x86
		Release|x64 = Release|x64
		Release|x86 = Release|x86
	EndGlobalSection
	GlobalSection(ProjectConfigurationPlatforms) = postSolution
		{8BFCB27B-A4D8-4B18-A1EC-E1466117B7C8}.Debug|x64.ActiveCfg = Debug|x64
		{8BFCB27B-A4D8-4B18-A1EC-E1466117B7C8}.Debug|x64.Build.0 = Debug|x64
		{8BFCB27B-A4D8-4B18-A1EC-E1466117B7C8}.Debug|x86.ActiveCfg = Debug|Win32
		{8BFCB27B-A4D8-4B18-A1EC-E1466117B7C8}.Debug|x86.Build.0 = Debug|Win32
		{8BFCB27B-A4D8-4B18-A1EC-E1466117B7C8}.Release|x64.ActiveCfg = Release|x64
		{8BFCB27B-A4D8-4B18-A1EC-E1466117B7C8}.Release|x64.Build.0 = Release|x64
		{8BFCB27B-A4D8-4B18-A1EC-E1466117B7C8}.Release|x86.ActiveCfg = Release|Win32
		{8BFCB27B-A4D8-4B18-A1EC-E1466117B7C8}.Release|x86.Build.0 = Release|Win32
	EndGlobalSection
	GlobalSection(SolutionProperties) = preSolution
		HideSolutionNode = FALSE
	EndGlobalSection
	GlobalSection(ExtensibilityGlobals) = postSolution
		SolutionGuid = {65689E1E-616B-4893-8454-A903671FA5AE}
	EndGlobalSection
EndGlobal
